# This file is automatically @generated by Poetry and should not be changed by hand.

[[package]]
name = "apscheduler"
version = "3.6.3"
description = "In-process task scheduler with Cron-like capabilities"
category = "main"
optional = false
python-versions = "*"
files = [
    {file = "APScheduler-3.6.3-py2.py3-none-any.whl", hash = "sha256:e8b1ecdb4c7cb2818913f766d5898183c7cb8936680710a4d3a966e02262e526"},
    {file = "APScheduler-3.6.3.tar.gz", hash = "sha256:3bb5229eed6fbbdafc13ce962712ae66e175aa214c69bed35a06bffcf0c5e244"},
]

[package.dependencies]
pytz = "*"
setuptools = ">=0.7"
six = ">=1.4.0"
tzlocal = ">=1.2"

[package.extras]
asyncio = ["trollius"]
doc = ["sphinx", "sphinx-rtd-theme"]
gevent = ["gevent"]
mongodb = ["pymongo (>=2.8)"]
redis = ["redis (>=3.0)"]
rethinkdb = ["rethinkdb (>=2.4.0)"]
sqlalchemy = ["sqlalchemy (>=0.8)"]
testing = ["mock", "pytest", "pytest-asyncio", "pytest-asyncio (<0.6)", "pytest-cov", "pytest-tornado5"]
tornado = ["tornado (>=4.3)"]
twisted = ["twisted"]
zookeeper = ["kazoo"]

[[package]]
name = "beautifulsoup4"
version = "4.10.0"
description = "Screen-scraping library"
category = "main"
optional = false
python-versions = ">3.0.0"
files = [
    {file = "beautifulsoup4-4.10.0-py3-none-any.whl", hash = "sha256:9a315ce70049920ea4572a4055bc4bd700c940521d36fc858205ad4fcde149bf"},
    {file = "beautifulsoup4-4.10.0.tar.gz", hash = "sha256:c23ad23c521d818955a4151a67d81580319d4bf548d3d49f4223ae041ff98891"},
]

[package.dependencies]
soupsieve = ">1.2"

[package.extras]
html5lib = ["html5lib"]
lxml = ["lxml"]

[[package]]
name = "cachetools"
version = "4.2.2"
description = "Extensible memoizing collections and decorators"
category = "main"
optional = false
python-versions = "~=3.5"
files = [
    {file = "cachetools-4.2.2-py3-none-any.whl", hash = "sha256:2cc0b89715337ab6dbba85b5b50effe2b0c74e035d83ee8ed637cf52f12ae001"},
    {file = "cachetools-4.2.2.tar.gz", hash = "sha256:61b5ed1e22a0924aed1d23b478f37e8d52549ff8a961de2909c69bf950020cff"},
]

[[package]]
name = "certifi"
version = "2022.12.7"
description = "Python package for providing Mozilla's CA Bundle."
category = "main"
optional = false
python-versions = ">=3.6"
files = [
    {file = "certifi-2022.12.7-py3-none-any.whl", hash = "sha256:4ad3232f5e926d6718ec31cfc1fcadfde020920e278684144551c91769c7bc18"},
    {file = "certifi-2022.12.7.tar.gz", hash = "sha256:35824b4c3a97115964b408844d64aa14db1cc518f6562e8d7261699d1350a9e3"},
]

[[package]]
name = "charset-normalizer"
version = "2.0.10"
description = "The Real First Universal Charset Detector. Open, modern and actively maintained alternative to Chardet."
category = "main"
optional = false
python-versions = ">=3.5.0"
files = [
    {file = "charset-normalizer-2.0.10.tar.gz", hash = "sha256:876d180e9d7432c5d1dfd4c5d26b72f099d503e8fcc0feb7532c9289be60fcbd"},
    {file = "charset_normalizer-2.0.10-py3-none-any.whl", hash = "sha256:cb957888737fc0bbcd78e3df769addb41fd1ff8cf950dc9e7ad7793f1bf44455"},
]

[package.extras]
unicode-backport = ["unicodedata2"]

[[package]]
name = "colorama"
version = "0.4.4"
description = "Cross-platform colored terminal text."
category = "main"
optional = false
python-versions = ">=2.7, !=3.0.*, !=3.1.*, !=3.2.*, !=3.3.*, !=3.4.*"
files = [
    {file = "colorama-0.4.4-py2.py3-none-any.whl", hash = "sha256:9f47eda37229f68eee03b24b9748937c7dc3868f906e8ba69fbcbdd3bc5dc3e2"},
    {file = "colorama-0.4.4.tar.gz", hash = "sha256:5941b2b48a20143d2267e95b1c2a7603ce057ee39fd88e7329b0c292aa16869b"},
]

[[package]]
name = "commonmark"
version = "0.9.1"
description = "Python parser for the CommonMark Markdown spec"
category = "main"
optional = false
python-versions = "*"
files = [
    {file = "commonmark-0.9.1-py2.py3-none-any.whl", hash = "sha256:da2f38c92590f83de410ba1a3cbceafbc74fee9def35f9251ba9a971d6d66fd9"},
    {file = "commonmark-0.9.1.tar.gz", hash = "sha256:452f9dc859be7f06631ddcb328b6919c67984aca654e5fefb3914d54691aed60"},
]

[package.extras]
test = ["flake8 (==3.7.8)", "hypothesis (==3.55.3)"]

[[package]]
name = "idna"
version = "3.3"
description = "Internationalized Domain Names in Applications (IDNA)"
category = "main"
optional = false
python-versions = ">=3.5"
files = [
    {file = "idna-3.3-py3-none-any.whl", hash = "sha256:84d9dd047ffa80596e0f246e2eab0b391788b0503584e8945f2368256d2735ff"},
    {file = "idna-3.3.tar.gz", hash = "sha256:9d643ff0a55b762d5cdb124b8eaa99c66322e2157b69160bc32796e824360e6d"},
]

[[package]]
name = "mutagen"
version = "1.45.1"
description = "read and write audio tags for many formats"
category = "main"
optional = false
python-versions = ">=3.5, <4"
files = [
    {file = "mutagen-1.45.1-py3-none-any.whl", hash = "sha256:9c9f243fcec7f410f138cb12c21c84c64fde4195481a30c9bfb05b5f003adfed"},
    {file = "mutagen-1.45.1.tar.gz", hash = "sha256:6397602efb3c2d7baebd2166ed85731ae1c1d475abca22090b7141ff5034b3e1"},
]

[[package]]
name = "pycryptodomex"
version = "3.12.0"
description = "Cryptographic library for Python"
category = "main"
optional = false
python-versions = ">=2.7, !=3.0.*, !=3.1.*, !=3.2.*, !=3.3.*, !=3.4.*"
files = [
    {file = "pycryptodomex-3.12.0-cp27-cp27m-macosx_10_9_x86_64.whl", hash = "sha256:1bd9d158afa33dca04748b23e7b9d4055f8c8015ace2e972a866519af02d5eed"},
    {file = "pycryptodomex-3.12.0-cp27-cp27m-manylinux1_i686.whl", hash = "sha256:3bfa2936f8391bfaa17ed6a5c726e33acad56d7b47b8bf824b1908b16b140025"},
    {file = "pycryptodomex-3.12.0-cp27-cp27m-manylinux1_x86_64.whl", hash = "sha256:0981e8071d2ee457d842821438f833e362eed9a25a445d54ad7610b24293118f"},
    {file = "pycryptodomex-3.12.0-cp27-cp27m-manylinux2010_i686.whl", hash = "sha256:2595b7be43b8b2da953ea3506a8d71c07fc9b479d5c118b0c44a5eca2a1664f6"},
    {file = "pycryptodomex-3.12.0-cp27-cp27m-manylinux2010_x86_64.whl", hash = "sha256:b5ddaee74e1f06af9c0765a147904dddacf4ca9707f8f079e14e2b14b4f5a544"},
    {file = "pycryptodomex-3.12.0-cp27-cp27m-manylinux2014_aarch64.whl", hash = "sha256:33c06d6819a0204fac675d100f92aa472c704cd774a47171a5949c75c1040ed6"},
    {file = "pycryptodomex-3.12.0-cp27-cp27m-win32.whl", hash = "sha256:9c037aaf6affc8f7c4f6f9f6279aa57dd526734246fb5221a0fff3124f57e0b1"},
    {file = "pycryptodomex-3.12.0-cp27-cp27m-win_amd64.whl", hash = "sha256:79ad48096ceb5c714fbc4dc82e3e6b37f095f627b1fef90d94d85e19a19d6611"},
    {file = "pycryptodomex-3.12.0-cp27-cp27mu-manylinux1_i686.whl", hash = "sha256:4361881388817f89aa819a553e987200a6eb664df995632b063997dd373a7cee"},
    {file = "pycryptodomex-3.12.0-cp27-cp27mu-manylinux1_x86_64.whl", hash = "sha256:b1a6f17c4ad896ed628663b021cd797b098c7e9537fd259958f6ffb3b8921081"},
    {file = "pycryptodomex-3.12.0-cp27-cp27mu-manylinux2010_i686.whl", hash = "sha256:83379f1fd7b99c4993f5e905f2a6ddb9003996655151ea3c2ee77332ad009d08"},
    {file = "pycryptodomex-3.12.0-cp27-cp27mu-manylinux2010_x86_64.whl", hash = "sha256:4cbaea8ab8bfa283e6219af39624d921f72f8174765a35416aab4d4b4dec370e"},
    {file = "pycryptodomex-3.12.0-cp27-cp27mu-manylinux2014_aarch64.whl", hash = "sha256:ea8e83bf4731a2369350d7771a1f2ef8d72ad3da70a37d86b1374be8c675abd0"},
    {file = "pycryptodomex-3.12.0-cp35-abi3-macosx_10_9_x86_64.whl", hash = "sha256:d55374ebc36de7a3217f2e2318886f0801dd5e486e21aba1fc4ca08e3b6637d7"},
    {file = "pycryptodomex-3.12.0-cp35-abi3-manylinux1_i686.whl", hash = "sha256:097095a7c24b9e7eec865417f620f78adf218162c03b68e4fde194bf87801a67"},
    {file = "pycryptodomex-3.12.0-cp35-abi3-manylinux1_x86_64.whl", hash = "sha256:ddac6a092b97aa11d2a21aec33e941b4453ef774da3d98f2b7c1e01da05e6d5e"},
    {file = "pycryptodomex-3.12.0-cp35-abi3-manylinux2010_i686.whl", hash = "sha256:a896b41c518269c1cceb582e298a868e6c74bb3cbfd362865ea686c78aebe91d"},
    {file = "pycryptodomex-3.12.0-cp35-abi3-manylinux2010_x86_64.whl", hash = "sha256:5b0fd9fc81d43cd54dc8e4b2df8730ffd1e34f1f0679920deae16f6487aa1414"},
    {file = "pycryptodomex-3.12.0-cp35-abi3-manylinux2014_aarch64.whl", hash = "sha256:88dc997e3e9199a0d67b547fba36c6d1c54fca7d83c4bfe0d3f34f55a4717a2c"},
    {file = "pycryptodomex-3.12.0-cp35-abi3-win32.whl", hash = "sha256:2d173a5db4e306cd32558b1a3ceb45bd2ebeb6596525fd5945963798b3851e3d"},
    {file = "pycryptodomex-3.12.0-cp35-abi3-win_amd64.whl", hash = "sha256:676d9f4286f490612fa35ca8fe4b1fced8ff18e653abc1dda34fbf166129d6c2"},
    {file = "pycryptodomex-3.12.0-pp27-pypy_73-macosx_10_9_x86_64.whl", hash = "sha256:de9832ac3c51484fe1757ca4303695423b16cfa54874dae9239bf41f50a2affa"},
    {file = "pycryptodomex-3.12.0-pp27-pypy_73-manylinux1_x86_64.whl", hash = "sha256:e42a82c63952ed70be3c13782c6984a519b514e6b10108a9647c7576b6c86650"},
    {file = "pycryptodomex-3.12.0-pp27-pypy_73-manylinux2010_x86_64.whl", hash = "sha256:3559da56e1045ad567e69fcc74245073fe1943b07b137bfd1073c7a540a89df7"},
    {file = "pycryptodomex-3.12.0-pp27-pypy_73-win32.whl", hash = "sha256:43af464dcac1ae53e6e14a0ae6f08373b538f3c49fb9e426423618571edfecff"},
    {file = "pycryptodomex-3.12.0-pp36-pypy36_pp73-macosx_10_9_x86_64.whl", hash = "sha256:44097663c62b3aa03b5b403b816dedafa592984e8c6857a061ade41f32a2666e"},
    {file = "pycryptodomex-3.12.0-pp36-pypy36_pp73-manylinux1_x86_64.whl", hash = "sha256:08c809e9f4be8d4f9948cf4d5ebc7431bbd9e1c0cd5ff478d0d5229f1bc4ad50"},
    {file = "pycryptodomex-3.12.0-pp36-pypy36_pp73-manylinux2010_x86_64.whl", hash = "sha256:8c5b97953130ff76500c6e8e159f2b881c737ebf00034006517b57f382d5317c"},
    {file = "pycryptodomex-3.12.0-pp36-pypy36_pp73-win32.whl", hash = "sha256:1f6c370abf11546b1c9b70062918d601ac8fb7ff113554601b43175eed7480ef"},
    {file = "pycryptodomex-3.12.0.zip", hash = "sha256:922e9dac0166e4617e5c7980d2cff6912a6eb5cb5c13e7ece222438650bd7f66"},
]

[[package]]
name = "pygments"
version = "2.11.2"
description = "Pygments is a syntax highlighting package written in Python."
category = "main"
optional = false
python-versions = ">=3.5"
files = [
    {file = "Pygments-2.11.2-py3-none-any.whl", hash = "sha256:44238f1b60a76d78fc8ca0528ee429702aae011c265fe6a8dd8b63049ae41c65"},
    {file = "Pygments-2.11.2.tar.gz", hash = "sha256:4e426f72023d88d03b2fa258de560726ce890ff3b630f88c21cbb8b2503b8c6a"},
]

[[package]]
name = "python-telegram-bot"
version = "13.10"
description = "We have made you a wrapper you can't refuse"
category = "main"
optional = false
python-versions = ">=3.6"
files = [
    {file = "python-telegram-bot-13.10.tar.gz", hash = "sha256:d2c555431821f4ace0c1b7ce12af41999f01b793b275dee131f1034d08c01e3e"},
    {file = "python_telegram_bot-13.10-py3-none-any.whl", hash = "sha256:833f39110f5d019b39a6c6fcbabd6ea1627eaaa0a26e618c0be099568672d791"},
]

[package.dependencies]
APScheduler = "3.6.3"
cachetools = "4.2.2"
certifi = "*"
pytz = ">=2018.6"
tornado = ">=6.1"

[package.extras]
json = ["ujson"]
passport = ["cryptography (!=3.4,!=3.4.1,!=3.4.2,!=3.4.3)"]
socks = ["PySocks"]

[[package]]
name = "pytube"
version = "11.0.2"
description = "Python 3 library for downloading YouTube Videos."
category = "main"
optional = false
python-versions = ">=3.6"
files = [
    {file = "pytube-11.0.2-py3-none-any.whl", hash = "sha256:bf2b350e8e991f82b874928f5f1ba1a733a9848d650b01b08fabdf85eea15356"},
    {file = "pytube-11.0.2.tar.gz", hash = "sha256:21d2d151e6525f9f79401ae7a74a7de1e2bb1c00ede5d77c89e22d496389c5f1"},
]

[[package]]
name = "pytz"
version = "2021.3"
description = "World timezone definitions, modern and historical"
category = "main"
optional = false
python-versions = "*"
files = [
    {file = "pytz-2021.3-py2.py3-none-any.whl", hash = "sha256:3672058bc3453457b622aab7a1c3bfd5ab0bdae451512f6cf25f64ed37f5b87c"},
    {file = "pytz-2021.3.tar.gz", hash = "sha256:acad2d8b20a1af07d4e4c9d2e9285c5ed9104354062f275f3fcd88dcef4f1326"},
]

[[package]]
name = "pytz-deprecation-shim"
version = "0.1.0.post0"
description = "Shims to make deprecation of pytz easier"
category = "main"
optional = false
python-versions = "!=3.0.*,!=3.1.*,!=3.2.*,!=3.3.*,!=3.4.*,!=3.5.*,>=2.7"
files = [
    {file = "pytz_deprecation_shim-0.1.0.post0-py2.py3-none-any.whl", hash = "sha256:8314c9692a636c8eb3bda879b9f119e350e93223ae83e70e80c31675a0fdc1a6"},
    {file = "pytz_deprecation_shim-0.1.0.post0.tar.gz", hash = "sha256:af097bae1b616dde5c5744441e2ddc69e74dfdcb0c263129610d85b87445a59d"},
]

[package.dependencies]
tzdata = {version = "*", markers = "python_version >= \"3.6\""}

[[package]]
name = "rapidfuzz"
version = "1.9.1"
description = "rapid fuzzy string matching"
category = "main"
optional = false
python-versions = ">=2.7"
files = [
    {file = "rapidfuzz-1.9.1-cp27-cp27m-macosx_10_9_x86_64.whl", hash = "sha256:68227a8b25291d6a2140aef049271ea30a77be5ef672a58e582a55a5cc1fce93"},
    {file = "rapidfuzz-1.9.1-cp27-cp27m-manylinux2010_i686.whl", hash = "sha256:c33541995b96ff40025c1456b8c74b7dd2ab9cbf91943fc35a7bb621f48940e2"},
    {file = "rapidfuzz-1.9.1-cp27-cp27m-manylinux2010_x86_64.whl", hash = "sha256:c2fafbbf97a4632822248f4201601b691e2eac5fdb30e5d7a96d07a6d058a7d4"},
    {file = "rapidfuzz-1.9.1-cp27-cp27m-win32.whl", hash = "sha256:364795f617a99e1dbb55ac3947ab8366588b72531cb2d6152666287d20610706"},
    {file = "rapidfuzz-1.9.1-cp27-cp27m-win_amd64.whl", hash = "sha256:f171d9e66144b0647f9b998ef10bdd919a640e4b1357250c8ef6259deb5ffe0d"},
    {file = "rapidfuzz-1.9.1-cp27-cp27mu-manylinux2010_i686.whl", hash = "sha256:c83801a7c5209663aa120b815a4f2c39e95fe8e0b774ec58a1e0affd6a2fcfc6"},
    {file = "rapidfuzz-1.9.1-cp27-cp27mu-manylinux2010_x86_64.whl", hash = "sha256:67e61c2baa6bb1848c4a33752f1781124dcc90bf3f31b18b44db1ae4e4e26634"},
    {file = "rapidfuzz-1.9.1-cp310-cp310-macosx_10_9_universal2.whl", hash = "sha256:8ab7eb003a18991347174910f11d38ff40399081185d9e3199ec277535f7828b"},
    {file = "rapidfuzz-1.9.1-cp310-cp310-macosx_10_9_x86_64.whl", hash = "sha256:5ad450badf06ddf98a246140b5059ba895ee8445e8102a5a289908327f551f81"},
    {file = "rapidfuzz-1.9.1-cp310-cp310-macosx_11_0_arm64.whl", hash = "sha256:402b2174bded62a793c5f7d9aec16bc32c661402360a934819ae72b54cfbce1e"},
    {file = "rapidfuzz-1.9.1-cp310-cp310-manylinux_2_12_i686.manylinux2010_i686.whl", hash = "sha256:92066ccb054efc2e17afb4049c98b550969653cd58f71dd756cfcc8e6864630a"},
    {file = "rapidfuzz-1.9.1-cp310-cp310-manylinux_2_12_x86_64.manylinux2010_x86_64.whl", hash = "sha256:8dc0bf1814accee08a9c9bace6672ef06eae6b0446fce88e3e97e23dfaf3ea10"},
    {file = "rapidfuzz-1.9.1-cp310-cp310-manylinux_2_17_aarch64.manylinux2014_aarch64.whl", hash = "sha256:bdbd387efb8478605951344f327dd03bf053c138d757369a43404305b99e55db"},
    {file = "rapidfuzz-1.9.1-cp310-cp310-win32.whl", hash = "sha256:b1c54807e556dbcc6caf4ce0f24446c01b195f3cc46e2a6e74b82d3a21eaa45d"},
    {file = "rapidfuzz-1.9.1-cp310-cp310-win_amd64.whl", hash = "sha256:ac3273364cd1619cab3bf0ba731efea5405833f9eba362da7dcd70bd42073d8e"},
    {file = "rapidfuzz-1.9.1-cp35-cp35m-manylinux2010_i686.whl", hash = "sha256:d9faf62606c08a0a6992dd480c72b6a068733ae02688dc35f2e36ba0d44673f4"},
    {file = "rapidfuzz-1.9.1-cp35-cp35m-manylinux2010_x86_64.whl", hash = "sha256:f6a56a48be047637b1b0b2459a11cf7cd5aa7bbe16a439bd4f73b4af39e620e4"},
    {file = "rapidfuzz-1.9.1-cp35-cp35m-win32.whl", hash = "sha256:aa91609979e9d2700f0ff100df99b36e7d700b70169ee385d43d5de9e471ae97"},
    {file = "rapidfuzz-1.9.1-cp35-cp35m-win_amd64.whl", hash = "sha256:b4cfdd0915ab4cec86c2ff6bab9f01b03454f3de0963c37f9f219df2ddf42b95"},
    {file = "rapidfuzz-1.9.1-cp36-cp36m-macosx_10_9_x86_64.whl", hash = "sha256:c6bfa4ad0158a093cd304f795ceefdc3861ae6942a61432b2a50858be6de88ca"},
    {file = "rapidfuzz-1.9.1-cp36-cp36m-manylinux_2_12_i686.manylinux2010_i686.whl", hash = "sha256:eb0ea02295d9278bd2dcd2df4760b0f2887b6c3f2f374005ec5af320d8d3a37e"},
    {file = "rapidfuzz-1.9.1-cp36-cp36m-manylinux_2_12_x86_64.manylinux2010_x86_64.whl", hash = "sha256:d5187cd5cd6273e9fee07de493a42a2153134a4914df74cb1abb0744551c548a"},
    {file = "rapidfuzz-1.9.1-cp36-cp36m-manylinux_2_17_aarch64.manylinux2014_aarch64.whl", hash = "sha256:f6e5b8af63f9c05b64454460759ed84a715d581d598ec4484f4ec512f398e8b1"},
    {file = "rapidfuzz-1.9.1-cp36-cp36m-win32.whl", hash = "sha256:36137f88f2b28115af506118e64e11c816611eab2434293af7fdacd1290ffb9d"},
    {file = "rapidfuzz-1.9.1-cp36-cp36m-win_amd64.whl", hash = "sha256:fcc420cad46be7c9887110edf04cdee545f26dbf22650a443d89790fc35f7b88"},
    {file = "rapidfuzz-1.9.1-cp37-cp37m-macosx_10_9_x86_64.whl", hash = "sha256:b06de314f426aebff8a44319016bbe2b22f7848c84e44224f80b0690b7b08b18"},
    {file = "rapidfuzz-1.9.1-cp37-cp37m-manylinux_2_12_i686.manylinux2010_i686.whl", hash = "sha256:e5de44e719faea79e45322b037f0d4a141d750b80d2204fa68f43a42a24f0fbc"},
    {file = "rapidfuzz-1.9.1-cp37-cp37m-manylinux_2_12_x86_64.manylinux2010_x86_64.whl", hash = "sha256:f9439df09a782afd01b67005a3b110c70bbf9e1cf06d2ac9b293ce2d02d3c549"},
    {file = "rapidfuzz-1.9.1-cp37-cp37m-manylinux_2_17_aarch64.manylinux2014_aarch64.whl", hash = "sha256:e903d4702647465721e2d0431c95f04fd56a06577f06f41e2960c83fd63c1bad"},
    {file = "rapidfuzz-1.9.1-cp37-cp37m-win32.whl", hash = "sha256:a5298f4ac1975edcbb15583eab659a44b33aebaf3bccf172e185cfea68771c08"},
    {file = "rapidfuzz-1.9.1-cp37-cp37m-win_amd64.whl", hash = "sha256:103193a01921b54fcdad6b01cfda3a68e00aeafca236b7ecd5b1b2c2e7e96337"},
    {file = "rapidfuzz-1.9.1-cp38-cp38-macosx_10_9_universal2.whl", hash = "sha256:1d98a3187040dca855e02179a35c137f72ef83ce243783d44ea59efa86b94b3a"},
    {file = "rapidfuzz-1.9.1-cp38-cp38-macosx_10_9_x86_64.whl", hash = "sha256:cb92bf7fc911b787055a88d9295ca3b4fe8576e3b59271f070f1b1b181eb087d"},
    {file = "rapidfuzz-1.9.1-cp38-cp38-macosx_11_0_arm64.whl", hash = "sha256:3f014a0f5f8159a94c6ee884fedd1c30e07fb866a5d76ff2c18091bc6363b76f"},
    {file = "rapidfuzz-1.9.1-cp38-cp38-manylinux_2_12_i686.manylinux2010_i686.whl", hash = "sha256:31474074a99f72289ac325fbd77983e7d355d48860bfe7a4f6f6396fdb24410a"},
    {file = "rapidfuzz-1.9.1-cp38-cp38-manylinux_2_12_x86_64.manylinux2010_x86_64.whl", hash = "sha256:ec67d79af5a2d7b0cf67b570a5579710e461cadda4120478e813b63491f394dd"},
    {file = "rapidfuzz-1.9.1-cp38-cp38-manylinux_2_17_aarch64.manylinux2014_aarch64.whl", hash = "sha256:6ebc0d3d15ed32f98f0052cf6e3e9c9b8010fb93c04fb74d2022e3c51ec540e2"},
    {file = "rapidfuzz-1.9.1-cp38-cp38-win32.whl", hash = "sha256:477ab1a3044bab89db45caabc562b158f68765ecaa638b73ba17e92f09dfa5ff"},
    {file = "rapidfuzz-1.9.1-cp38-cp38-win_amd64.whl", hash = "sha256:8e872763dc0367d7544aa585d2e8b27af233323b8a7cd2f9b78cafa05bae5018"},
    {file = "rapidfuzz-1.9.1-cp39-cp39-macosx_10_9_universal2.whl", hash = "sha256:8401c41e219ae36ca7a88762776a6270511650d4cc70d024ae61561e96d67e47"},
    {file = "rapidfuzz-1.9.1-cp39-cp39-macosx_10_9_x86_64.whl", hash = "sha256:ea10bd8e0436801c3264f7084a5ea194f12ba9fe1ba898aa4a2107d276501292"},
    {file = "rapidfuzz-1.9.1-cp39-cp39-macosx_11_0_arm64.whl", hash = "sha256:433737914b46c1ffa0c678eceae1c260dc6b7fb5b6cad4c725d3e3607c764b32"},
    {file = "rapidfuzz-1.9.1-cp39-cp39-manylinux_2_12_i686.manylinux2010_i686.whl", hash = "sha256:8c3b08e90e45acbc469d1f456681643256e952bf84ec7714f58979baba0c8a1c"},
    {file = "rapidfuzz-1.9.1-cp39-cp39-manylinux_2_12_x86_64.manylinux2010_x86_64.whl", hash = "sha256:bbcd265b3c86176e5db4cbba7b4364d7333c214ee80e2d259c7085929934ca9d"},
    {file = "rapidfuzz-1.9.1-cp39-cp39-manylinux_2_17_aarch64.manylinux2014_aarch64.whl", hash = "sha256:3d69fabcd635783cd842e7d5ee4b77164314c5124b82df5a0c436ab3d698f8a9"},
    {file = "rapidfuzz-1.9.1-cp39-cp39-win32.whl", hash = "sha256:01f16b6f3fa5d1a26c12f5da5de0032f1e12c919d876005b57492a8ec9a5c043"},
    {file = "rapidfuzz-1.9.1-cp39-cp39-win_amd64.whl", hash = "sha256:0bcc5bbfdbe6068cc2cf0029ab6cde08dceac498d232fa3a61dd34fbfa0b3f36"},
    {file = "rapidfuzz-1.9.1-pp27-pypy_73-manylinux2010_x86_64.whl", hash = "sha256:de869c8f4e8edb9b2f7b8232a04896645501defcbd9d85bc0202ff3ec6285f6b"},
    {file = "rapidfuzz-1.9.1-pp37-pypy37_pp73-manylinux_2_12_i686.manylinux2010_i686.whl", hash = "sha256:db5978e970fb0955974d51021da4b929e2e4890fef17792989ee32658e2b159c"},
    {file = "rapidfuzz-1.9.1-pp37-pypy37_pp73-manylinux_2_12_x86_64.manylinux2010_x86_64.whl", hash = "sha256:33479f75f36ac3a1d8421365d4fa906e013490790730a89caba31d06e6f71738"},
    {file = "rapidfuzz-1.9.1-pp37-pypy37_pp73-win_amd64.whl", hash = "sha256:af991cb333ec526d894923163050931b3a870b7694bf7687aaa6154d341a98f5"},
    {file = "rapidfuzz-1.9.1.tar.gz", hash = "sha256:bd7a4fe33ba49db3417f0f57a8af02462554f1296dedcf35b026cd3525efef74"},
]

[package.extras]
full = ["numpy"]

[[package]]
name = "requests"
version = "2.27.1"
description = "Python HTTP for Humans."
category = "main"
optional = false
python-versions = ">=2.7, !=3.0.*, !=3.1.*, !=3.2.*, !=3.3.*, !=3.4.*, !=3.5.*"
files = [
    {file = "requests-2.27.1-py2.py3-none-any.whl", hash = "sha256:f22fa1e554c9ddfd16e6e41ac79759e17be9e492b3587efa038054674760e72d"},
    {file = "requests-2.27.1.tar.gz", hash = "sha256:68d7c56fd5a8999887728ef304a6d12edc7be74f1cfa47714fc8b414525c9a61"},
]

[package.dependencies]
certifi = ">=2017.4.17"
charset-normalizer = {version = ">=2.0.0,<2.1.0", markers = "python_version >= \"3\""}
idna = {version = ">=2.5,<4", markers = "python_version >= \"3\""}
urllib3 = ">=1.21.1,<1.27"

[package.extras]
socks = ["PySocks (>=1.5.6,!=1.5.7)", "win-inet-pton"]
use-chardet-on-py3 = ["chardet (>=3.0.2,<5)"]

[[package]]
name = "rich"
version = "11.0.0"
description = "Render rich text, tables, progress bars, syntax highlighting, markdown and more to the terminal"
category = "main"
optional = false
python-versions = ">=3.6.2,<4.0.0"
files = [
    {file = "rich-11.0.0-py3-none-any.whl", hash = "sha256:d7a8086aa1fa7e817e3bba544eee4fd82047ef59036313147759c11475f0dafd"},
    {file = "rich-11.0.0.tar.gz", hash = "sha256:c32a8340b21c75931f157466fefe81ae10b92c36a5ea34524dff3767238774a4"},
]

[package.dependencies]
colorama = ">=0.4.0,<0.5.0"
commonmark = ">=0.9.0,<0.10.0"
pygments = ">=2.6.0,<3.0.0"

[package.extras]
jupyter = ["ipywidgets (>=7.5.1,<8.0.0)"]

[[package]]
name = "setuptools"
version = "67.8.0"
description = "Easily download, build, install, upgrade, and uninstall Python packages"
category = "main"
optional = false
python-versions = ">=3.7"
files = [
    {file = "setuptools-67.8.0-py3-none-any.whl", hash = "sha256:5df61bf30bb10c6f756eb19e7c9f3b473051f48db77fddbe06ff2ca307df9a6f"},
    {file = "setuptools-67.8.0.tar.gz", hash = "sha256:62642358adc77ffa87233bc4d2354c4b2682d214048f500964dbe760ccedf102"},
]

[package.extras]
docs = ["furo", "jaraco.packaging (>=9)", "jaraco.tidelift (>=1.4)", "pygments-github-lexers (==0.0.5)", "rst.linker (>=1.9)", "sphinx (>=3.5)", "sphinx-favicon", "sphinx-hoverxref (<2)", "sphinx-inline-tabs", "sphinx-lint", "sphinx-notfound-page (==0.8.3)", "sphinx-reredirects", "sphinxcontrib-towncrier"]
testing = ["build[virtualenv]", "filelock (>=3.4.0)", "flake8-2020", "ini2toml[lite] (>=0.9)", "jaraco.envs (>=2.2)", "jaraco.path (>=3.2.0)", "pip (>=19.1)", "pip-run (>=8.8)", "pytest (>=6)", "pytest-black (>=0.3.7)", "pytest-checkdocs (>=2.4)", "pytest-cov", "pytest-enabler (>=1.3)", "pytest-mypy (>=0.9.1)", "pytest-perf", "pytest-ruff", "pytest-timeout", "pytest-xdist", "tomli-w (>=1.0.0)", "virtualenv (>=13.0.0)", "wheel"]
testing-integration = ["build[virtualenv]", "filelock (>=3.4.0)", "jaraco.envs (>=2.2)", "jaraco.path (>=3.2.0)", "pytest", "pytest-enabler", "pytest-xdist", "tomli", "virtualenv (>=13.0.0)", "wheel"]

[[package]]
name = "six"
version = "1.16.0"
description = "Python 2 and 3 compatibility utilities"
category = "main"
optional = false
python-versions = ">=2.7, !=3.0.*, !=3.1.*, !=3.2.*"
files = [
    {file = "six-1.16.0-py2.py3-none-any.whl", hash = "sha256:8abb2f1d86890a2dfb989f9a77cfcfd3e47c2a354b01111771326f8aa26e0254"},
    {file = "six-1.16.0.tar.gz", hash = "sha256:1e61c37477a1626458e36f7b1d82aa5c9b094fa4802892072e49de9c60c4c926"},
]

[[package]]
name = "soupsieve"
version = "2.3.1"
description = "A modern CSS selector implementation for Beautiful Soup."
category = "main"
optional = false
python-versions = ">=3.6"
files = [
    {file = "soupsieve-2.3.1-py3-none-any.whl", hash = "sha256:1a3cca2617c6b38c0343ed661b1fa5de5637f257d4fe22bd9f1338010a1efefb"},
    {file = "soupsieve-2.3.1.tar.gz", hash = "sha256:b8d49b1cd4f037c7082a9683dfa1801aa2597fb11c3a1155b7a5b94829b4f1f9"},
]

[[package]]
name = "spotdl"
version = "3.9.2"
description = "Download your Spotify playlists and songs along with album art and metadata"
category = "main"
optional = false
python-versions = ">=3.6.1"
files = [
    {file = "spotdl-3.9.2-py3-none-any.whl", hash = "sha256:e94a51ac2bce7cb387a4bf890cfb0960d27fc69a4a5d1036f4c5c45395840129"},
    {file = "spotdl-3.9.2.tar.gz", hash = "sha256:9d1ec8c90e68e5eb71380082219210bafe18b625a899665b6ac15f9891fbdad4"},
]

[package.dependencies]
beautifulsoup4 = "*"
mutagen = "*"
pytube = ">=11.0.0"
rapidfuzz = "*"
requests = "*"
rich = "*"
spotipy = ">=2.19.0"
Unidecode = "*"
yt-dlp = "*"
ytmusicapi = "*"

[package.extras]
dev = ["flake8 (==3.8.4)", "mypy (==0.790)", "tox"]
test = ["pyfakefs (>=4.3.0)", "pytest (>=6.0)", "pytest-cov (>=2.10.1)", "pytest-mock (>=3.3.1)", "pytest-subprocess", "pytest-vcr (>=1.0.2)"]

[[package]]
name = "spotipy"
version = "2.19.0"
description = "A light weight Python library for the Spotify Web API"
category = "main"
optional = false
python-versions = "*"
files = [
    {file = "spotipy-2.19.0-py2-none-any.whl", hash = "sha256:dd6de229351bb6cf4d9bc169c5e183288da795f5a8265968dd98e95c037f9e7a"},
    {file = "spotipy-2.19.0-py3-none-any.whl", hash = "sha256:766f9ef96d61851d7884c4553f2de2527c3af01df603985f6987543bb28e3ff5"},
    {file = "spotipy-2.19.0.tar.gz", hash = "sha256:904f6e813dba837758e9510c1bee51d7ca217f169246625a13e693733dc33543"},
]

[package.dependencies]
requests = ">=2.25.0"
six = ">=1.15.0"
urllib3 = ">=1.26.0"

[package.extras]
doc = ["Sphinx (>=1.5.2)"]
test = ["mock (==2.0.0)"]

[[package]]
name = "tornado"
version = "6.3.2"
description = "Tornado is a Python web framework and asynchronous networking library, originally developed at FriendFeed."
category = "main"
optional = false
python-versions = ">= 3.8"
files = [
    {file = "tornado-6.3.2-cp38-abi3-macosx_10_9_universal2.whl", hash = "sha256:c367ab6c0393d71171123ca5515c61ff62fe09024fa6bf299cd1339dc9456829"},
    {file = "tornado-6.3.2-cp38-abi3-macosx_10_9_x86_64.whl", hash = "sha256:b46a6ab20f5c7c1cb949c72c1994a4585d2eaa0be4853f50a03b5031e964fc7c"},
    {file = "tornado-6.3.2-cp38-abi3-manylinux_2_17_aarch64.manylinux2014_aarch64.whl", hash = "sha256:c2de14066c4a38b4ecbbcd55c5cc4b5340eb04f1c5e81da7451ef555859c833f"},
    {file = "tornado-6.3.2-cp38-abi3-manylinux_2_5_i686.manylinux1_i686.manylinux_2_17_i686.manylinux2014_i686.whl", hash = "sha256:05615096845cf50a895026f749195bf0b10b8909f9be672f50b0fe69cba368e4"},
    {file = "tornado-6.3.2-cp38-abi3-manylinux_2_5_x86_64.manylinux1_x86_64.manylinux_2_17_x86_64.manylinux2014_x86_64.whl", hash = "sha256:5b17b1cf5f8354efa3d37c6e28fdfd9c1c1e5122f2cb56dac121ac61baa47cbe"},
    {file = "tornado-6.3.2-cp38-abi3-musllinux_1_1_aarch64.whl", hash = "sha256:29e71c847a35f6e10ca3b5c2990a52ce38b233019d8e858b755ea6ce4dcdd19d"},
    {file = "tornado-6.3.2-cp38-abi3-musllinux_1_1_i686.whl", hash = "sha256:834ae7540ad3a83199a8da8f9f2d383e3c3d5130a328889e4cc991acc81e87a0"},
    {file = "tornado-6.3.2-cp38-abi3-musllinux_1_1_x86_64.whl", hash = "sha256:6a0848f1aea0d196a7c4f6772197cbe2abc4266f836b0aac76947872cd29b411"},
    {file = "tornado-6.3.2-cp38-abi3-win32.whl", hash = "sha256:7efcbcc30b7c654eb6a8c9c9da787a851c18f8ccd4a5a3a95b05c7accfa068d2"},
    {file = "tornado-6.3.2-cp38-abi3-win_amd64.whl", hash = "sha256:0c325e66c8123c606eea33084976c832aa4e766b7dff8aedd7587ea44a604cdf"},
    {file = "tornado-6.3.2.tar.gz", hash = "sha256:4b927c4f19b71e627b13f3db2324e4ae660527143f9e1f2e2fb404f3a187e2ba"},
]

[[package]]
name = "tzdata"
version = "2021.5"
description = "Provider of IANA time zone data"
category = "main"
optional = false
python-versions = ">=2"
files = [
    {file = "tzdata-2021.5-py2.py3-none-any.whl", hash = "sha256:3eee491e22ebfe1e5cfcc97a4137cd70f092ce59144d81f8924a844de05ba8f5"},
    {file = "tzdata-2021.5.tar.gz", hash = "sha256:68dbe41afd01b867894bbdfd54fa03f468cfa4f0086bfb4adcd8de8f24f3ee21"},
]

[[package]]
name = "tzlocal"
version = "4.1"
description = "tzinfo object for the local timezone"
category = "main"
optional = false
python-versions = ">=3.6"
files = [
    {file = "tzlocal-4.1-py3-none-any.whl", hash = "sha256:28ba8d9fcb6c9a782d6e0078b4f6627af1ea26aeaa32b4eab5324abc7df4149f"},
    {file = "tzlocal-4.1.tar.gz", hash = "sha256:0f28015ac68a5c067210400a9197fc5d36ba9bc3f8eaf1da3cbd59acdfed9e09"},
]

[package.dependencies]
pytz-deprecation-shim = "*"
tzdata = {version = "*", markers = "platform_system == \"Windows\""}

[package.extras]
devenv = ["black", "pyroma", "pytest-cov", "zest.releaser"]
test = ["pytest (>=4.3)", "pytest-mock (>=3.3)"]

[[package]]
name = "unidecode"
version = "1.3.2"
description = "ASCII transliterations of Unicode text"
category = "main"
optional = false
python-versions = ">=3.5"
files = [
    {file = "Unidecode-1.3.2-py3-none-any.whl", hash = "sha256:215fe33c9d1c889fa823ccb66df91b02524eb8cc8c9c80f9c5b8129754d27829"},
    {file = "Unidecode-1.3.2.tar.gz", hash = "sha256:669898c1528912bcf07f9819dc60df18d057f7528271e31f8ec28cc88ef27504"},
]

[[package]]
name = "urllib3"
version = "1.26.8"
description = "HTTP library with thread-safe connection pooling, file post, and more."
category = "main"
optional = false
python-versions = ">=2.7, !=3.0.*, !=3.1.*, !=3.2.*, !=3.3.*, !=3.4.*, <4"
files = [
    {file = "urllib3-1.26.8-py2.py3-none-any.whl", hash = "sha256:000ca7f471a233c2251c6c7023ee85305721bfdf18621ebff4fd17a8653427ed"},
    {file = "urllib3-1.26.8.tar.gz", hash = "sha256:0e7c33d9a63e7ddfcb86780aac87befc2fbddf46c58dbb487e0855f7ceec283c"},
]

[package.extras]
brotli = ["brotlipy (>=0.6.0)"]
secure = ["certifi", "cryptography (>=1.3.4)", "idna (>=2.0.0)", "ipaddress", "pyOpenSSL (>=0.14)"]
socks = ["PySocks (>=1.5.6,!=1.5.7,<2.0)"]

[[package]]
name = "websockets"
version = "10.1"
description = "An implementation of the WebSocket Protocol (RFC 6455 & 7692)"
category = "main"
optional = false
python-versions = ">=3.7"
files = [
    {file = "websockets-10.1-cp310-cp310-macosx_10_9_universal2.whl", hash = "sha256:38db6e2163b021642d0a43200ee2dec8f4980bdbda96db54fde72b283b54cbfc"},
    {file = "websockets-10.1-cp310-cp310-macosx_10_9_x86_64.whl", hash = "sha256:e1b60fd297adb9fc78375778a5220da7f07bf54d2a33ac781319650413fc6a60"},
    {file = "websockets-10.1-cp310-cp310-macosx_11_0_arm64.whl", hash = "sha256:3477146d1f87ead8df0f27e8960249f5248dceb7c2741e8bbec9aa5338d0c053"},
    {file = "websockets-10.1-cp310-cp310-manylinux_2_17_aarch64.manylinux2014_aarch64.whl", hash = "sha256:bb01ea7b5f52e7125bdc3c5807aeaa2d08a0553979cf2d96a8b7803ea33e15e7"},
    {file = "websockets-10.1-cp310-cp310-manylinux_2_5_i686.manylinux1_i686.manylinux_2_12_i686.manylinux2010_i686.whl", hash = "sha256:9fd62c6dc83d5d35fb6a84ff82ec69df8f4657fff05f9cd6c7d9bec0dd57f0f6"},
    {file = "websockets-10.1-cp310-cp310-manylinux_2_5_x86_64.manylinux1_x86_64.manylinux_2_12_x86_64.manylinux2010_x86_64.whl", hash = "sha256:3bbf080f3892ba1dc8838786ec02899516a9d227abe14a80ef6fd17d4fb57127"},
    {file = "websockets-10.1-cp310-cp310-musllinux_1_1_aarch64.whl", hash = "sha256:5560558b0dace8312c46aa8915da977db02738ac8ecffbc61acfbfe103e10155"},
    {file = "websockets-10.1-cp310-cp310-musllinux_1_1_i686.whl", hash = "sha256:667c41351a6d8a34b53857ceb8343a45c85d438ee4fd835c279591db8aeb85be"},
    {file = "websockets-10.1-cp310-cp310-musllinux_1_1_x86_64.whl", hash = "sha256:468f0031fdbf4d643f89403a66383247eb82803430b14fa27ce2d44d2662ca37"},
    {file = "websockets-10.1-cp310-cp310-win32.whl", hash = "sha256:d0d81b46a5c87d443e40ce2272436da8e6092aa91f5fbeb60d1be9f11eff5b4c"},
    {file = "websockets-10.1-cp310-cp310-win_amd64.whl", hash = "sha256:b68b6caecb9a0c6db537aa79750d1b592a841e4f1a380c6196091e65b2ad35f9"},
    {file = "websockets-10.1-cp37-cp37m-macosx_10_9_x86_64.whl", hash = "sha256:a249139abc62ef333e9e85064c27fefb113b16ffc5686cefc315bdaef3eefbc8"},
    {file = "websockets-10.1-cp37-cp37m-manylinux_2_17_aarch64.manylinux2014_aarch64.whl", hash = "sha256:8877861e3dee38c8d302eee0d5dbefa6663de3b46dc6a888f70cd7e82562d1f7"},
    {file = "websockets-10.1-cp37-cp37m-manylinux_2_5_i686.manylinux1_i686.manylinux_2_12_i686.manylinux2010_i686.whl", hash = "sha256:e3872ae57acd4306ecf937d36177854e218e999af410a05c17168cd99676c512"},
    {file = "websockets-10.1-cp37-cp37m-manylinux_2_5_x86_64.manylinux1_x86_64.manylinux_2_12_x86_64.manylinux2010_x86_64.whl", hash = "sha256:b66e6d514f12c28d7a2d80bb2a48ef223342e99c449782d9831b0d29a9e88a17"},
    {file = "websockets-10.1-cp37-cp37m-musllinux_1_1_aarch64.whl", hash = "sha256:9f304a22ece735a3da8a51309bc2c010e23961a8f675fae46fdf62541ed62123"},
    {file = "websockets-10.1-cp37-cp37m-musllinux_1_1_i686.whl", hash = "sha256:189ed478395967d6a98bb293abf04e8815349e17456a0a15511f1088b6cb26e4"},
    {file = "websockets-10.1-cp37-cp37m-musllinux_1_1_x86_64.whl", hash = "sha256:08a42856158307e231b199671c4fce52df5786dd3d703f36b5d8ac76b206c485"},
    {file = "websockets-10.1-cp37-cp37m-win32.whl", hash = "sha256:3ef6f73854cded34e78390dbdf40dfdcf0b89b55c0e282468ef92646fce8d13a"},
    {file = "websockets-10.1-cp37-cp37m-win_amd64.whl", hash = "sha256:89e985d40d407545d5f5e2e58e1fdf19a22bd2d8cd54d20a882e29f97e930a0a"},
    {file = "websockets-10.1-cp38-cp38-macosx_10_9_universal2.whl", hash = "sha256:002071169d2e44ce8eb9e5ebac9fbce142ba4b5146eef1cfb16b177a27662657"},
    {file = "websockets-10.1-cp38-cp38-macosx_10_9_x86_64.whl", hash = "sha256:cfae282c2aa7f0c4be45df65c248481f3509f8c40ca8b15ed96c35668ae0ff69"},
    {file = "websockets-10.1-cp38-cp38-macosx_11_0_arm64.whl", hash = "sha256:97b4b68a2ddaf5c4707ae79c110bfd874c5be3c6ac49261160fb243fa45d8bbb"},
    {file = "websockets-10.1-cp38-cp38-manylinux_2_17_aarch64.manylinux2014_aarch64.whl", hash = "sha256:7c9407719f42cb77049975410490c58a705da6af541adb64716573e550e5c9db"},
    {file = "websockets-10.1-cp38-cp38-manylinux_2_5_i686.manylinux1_i686.manylinux_2_12_i686.manylinux2010_i686.whl", hash = "sha256:1d858fb31e5ac992a2cdf17e874c95f8a5b1e917e1fb6b45ad85da30734b223f"},
    {file = "websockets-10.1-cp38-cp38-manylinux_2_5_x86_64.manylinux1_x86_64.manylinux_2_12_x86_64.manylinux2010_x86_64.whl", hash = "sha256:7bdd3d26315db0a9cf8a0af30ca95e0aa342eda9c1377b722e71ccd86bc5d1dd"},
    {file = "websockets-10.1-cp38-cp38-musllinux_1_1_aarch64.whl", hash = "sha256:e259be0863770cb91b1a6ccf6907f1ac2f07eff0b7f01c249ed751865a70cb0d"},
    {file = "websockets-10.1-cp38-cp38-musllinux_1_1_i686.whl", hash = "sha256:6b014875fae19577a392372075e937ebfebf53fd57f613df07b35ab210f31534"},
    {file = "websockets-10.1-cp38-cp38-musllinux_1_1_x86_64.whl", hash = "sha256:98de71f86bdb29430fd7ba9997f47a6b10866800e3ea577598a786a785701bb0"},
    {file = "websockets-10.1-cp38-cp38-win32.whl", hash = "sha256:3a02ab91d84d9056a9ee833c254895421a6333d7ae7fff94b5c68e4fa8095519"},
    {file = "websockets-10.1-cp38-cp38-win_amd64.whl", hash = "sha256:7d6673b2753f9c5377868a53445d0c321ef41ff3c8e3b6d57868e72054bfce5f"},
    {file = "websockets-10.1-cp39-cp39-macosx_10_9_universal2.whl", hash = "sha256:ddab2dc69ee5ae27c74dbfe9d7bb6fee260826c136dca257faa1a41d1db61a89"},
    {file = "websockets-10.1-cp39-cp39-macosx_10_9_x86_64.whl", hash = "sha256:14e9cf68a08d1a5d42109549201aefba473b1d925d233ae19035c876dd845da9"},
    {file = "websockets-10.1-cp39-cp39-macosx_11_0_arm64.whl", hash = "sha256:e4819c6fb4f336fd5388372cb556b1f3a165f3f68e66913d1a2fc1de55dc6f58"},
    {file = "websockets-10.1-cp39-cp39-manylinux_2_17_aarch64.manylinux2014_aarch64.whl", hash = "sha256:05e7f098c76b0a4743716590bb8f9706de19f1ef5148d61d0cf76495ec3edb9c"},
    {file = "websockets-10.1-cp39-cp39-manylinux_2_5_i686.manylinux1_i686.manylinux_2_12_i686.manylinux2010_i686.whl", hash = "sha256:5bb6256de5a4fb1d42b3747b4e2268706c92965d75d0425be97186615bf2f24f"},
    {file = "websockets-10.1-cp39-cp39-manylinux_2_5_x86_64.manylinux1_x86_64.manylinux_2_12_x86_64.manylinux2010_x86_64.whl", hash = "sha256:888a5fa2a677e0c2b944f9826c756475980f1b276b6302e606f5c4ff5635be9e"},
    {file = "websockets-10.1-cp39-cp39-musllinux_1_1_aarch64.whl", hash = "sha256:6fdec1a0b3e5630c58e3d8704d2011c678929fce90b40908c97dfc47de8dca72"},
    {file = "websockets-10.1-cp39-cp39-musllinux_1_1_i686.whl", hash = "sha256:531d8eb013a9bc6b3ad101588182aa9b6dd994b190c56df07f0d84a02b85d530"},
    {file = "websockets-10.1-cp39-cp39-musllinux_1_1_x86_64.whl", hash = "sha256:0d93b7cadc761347d98da12ec1930b5c71b2096f1ceed213973e3cda23fead9c"},
    {file = "websockets-10.1-cp39-cp39-win32.whl", hash = "sha256:d9b245db5a7e64c95816e27d72830e51411c4609c05673d1ae81eb5d23b0be54"},
    {file = "websockets-10.1-cp39-cp39-win_amd64.whl", hash = "sha256:882c0b8bdff3bf1bd7f024ce17c6b8006042ec4cceba95cf15df57e57efa471c"},
    {file = "websockets-10.1-pp37-pypy37_pp73-macosx_10_9_x86_64.whl", hash = "sha256:10edd9d7d3581cfb9ff544ac09fc98cab7ee8f26778a5a8b2d5fd4b0684c5ba5"},
    {file = "websockets-10.1-pp37-pypy37_pp73-manylinux_2_17_aarch64.manylinux2014_aarch64.whl", hash = "sha256:baa83174390c0ff4fc1304fbe24393843ac7a08fdd59295759c4b439e06b1536"},
    {file = "websockets-10.1-pp37-pypy37_pp73-manylinux_2_5_i686.manylinux1_i686.manylinux_2_12_i686.manylinux2010_i686.whl", hash = "sha256:483edee5abed738a0b6a908025be47f33634c2ad8e737edd03ffa895bd600909"},
    {file = "websockets-10.1-pp37-pypy37_pp73-manylinux_2_5_x86_64.manylinux1_x86_64.manylinux_2_12_x86_64.manylinux2010_x86_64.whl", hash = "sha256:816ae7dac2c6522cfa620947ead0ca95ac654916eebf515c94d7c28de5601a6e"},
    {file = "websockets-10.1-pp37-pypy37_pp73-win_amd64.whl", hash = "sha256:1dafe98698ece09b8ccba81b910643ff37198e43521d977be76caf37709cf62b"},
    {file = "websockets-10.1.tar.gz", hash = "sha256:181d2b25de5a437b36aefedaf006ecb6fa3aa1328ec0236cdde15f32f9d3ff6d"},
]

[[package]]
name = "yt-dlp"
version = "2021.12.27"
description = "A youtube-dl fork with additional features and patches"
category = "main"
optional = false
python-versions = ">=3.6"
files = [
    {file = "yt-dlp-2021.12.27.tar.gz", hash = "sha256:2244df3759751487e796b23b67216bee98e70832a3a43c2526b0b0e0bbfbcb5b"},
    {file = "yt_dlp-2021.12.27-py2.py3-none-any.whl", hash = "sha256:bb46898a175d149c9c6bb2846056590d297aa4eafad8487c3e1315d2c6090896"},
]

[package.dependencies]
mutagen = "*"
pycryptodomex = "*"
websockets = "*"

[[package]]
name = "ytmusicapi"
version = "0.20.0"
description = "Unofficial API for YouTube Music"
category = "main"
optional = false
python-versions = ">=3.6"
files = [
    {file = "ytmusicapi-0.20.0-py3-none-any.whl", hash = "sha256:abdb90426baa14a7929ec810d65c1df228661b61d580678fc48c087909a9aea2"},
    {file = "ytmusicapi-0.20.0.tar.gz", hash = "sha256:0ef2ebcad2e9dbc4d5155764996835f5c0b65517ad15c4b1edd9ac3b81d0a95a"},
]

[package.dependencies]
requests = ">=2.22"

[package.extras]
dev = ["coverage", "flake8", "pre-commit", "sphinx", "sphinx-rtd-theme", "yapf"]

[metadata]
lock-version = "2.0"
python-versions = "~3.9"
content-hash = "08d99c9f9da7542f3f1d1690cba07e20b0d8eac322a1991b3c9ceff5e49f95ad"
